// !$*UTF8*$!
{
	archiveVersion = 1;
	classes = {
	};
	objectVersion = 50;
	objects = {

/* Begin PBXBuildFile section */
		F921A63625695F1A008AAEA4 /* Decoding.cpp in Sources */ = {isa = PBXBuildFile; fileRef = F921A63525695F1A008AAEA4 /* Decoding.cpp */; };
		F9274FE725869E8400FBB964 /* Arguments.cpp in Sources */ = {isa = PBXBuildFile; fileRef = F9274FE625869E8400FBB964 /* Arguments.cpp */; };
		F959A519253D954E005027F8 /* main.cpp in Sources */ = {isa = PBXBuildFile; fileRef = F959A518253D954E005027F8 /* main.cpp */; };
		F9EE2E75255D5A4200C6B487 /* Coding.cpp in Sources */ = {isa = PBXBuildFile; fileRef = F9EE2E74255D5A4200C6B487 /* Coding.cpp */; };
		F9EE2E78255D5A7A00C6B487 /* Reference_book.cpp in Sources */ = {isa = PBXBuildFile; fileRef = F9EE2E77255D5A7A00C6B487 /* Reference_book.cpp */; };
/* End PBXBuildFile section */

/* Begin PBXCopyFilesBuildPhase section */
		F959A513253D954E005027F8 /* CopyFiles */ = {
			isa = PBXCopyFilesBuildPhase;
			buildActionMask = 2147483647;
			dstPath = /usr/share/man/man1/;
			dstSubfolderSpec = 0;
			files = (
			);
			runOnlyForDeploymentPostprocessing = 1;
		};
/* End PBXCopyFilesBuildPhase section */

/* Begin PBXFileReference section */
		F9036C8725A4FD1400C12361 /* Coding.h */ = {isa = PBXFileReference; lastKnownFileType = sourcecode.c.h; path = Coding.h; sourceTree = "<group>"; };
		F9036C8825A4FD3100C12361 /* Reference_book.h */ = {isa = PBXFileReference; lastKnownFileType = sourcecode.c.h; path = Reference_book.h; sourceTree = "<group>"; };
		F9036C8A25A4FD6100C12361 /* Arguments.h */ = {isa = PBXFileReference; lastKnownFileType = sourcecode.c.h; path = Arguments.h; sourceTree = "<group>"; };
		F9036C8B25A4FD8000C12361 /* Files_reference_book.h */ = {isa = PBXFileReference; lastKnownFileType = sourcecode.c.h; path = Files_reference_book.h; sourceTree = "<group>"; };
		F9036C8C25A4FD9800C12361 /* Files_coding.h */ = {isa = PBXFileReference; lastKnownFileType = sourcecode.c.h; path = Files_coding.h; sourceTree = "<group>"; };
		F9036C8D25A4FDA900C12361 /* Files_decoding.h */ = {isa = PBXFileReference; lastKnownFileType = sourcecode.c.h; path = Files_decoding.h; sourceTree = "<group>"; };
		F921A63525695F1A008AAEA4 /* Decoding.cpp */ = {isa = PBXFileReference; fileEncoding = 4; lastKnownFileType = sourcecode.cpp.cpp; path = Decoding.cpp; sourceTree = "<group>"; };
		F9274FE625869E8400FBB964 /* Arguments.cpp */ = {isa = PBXFileReference; lastKnownFileType = sourcecode.cpp.cpp; path = Arguments.cpp; sourceTree = "<group>"; };
		F959A515253D954E005027F8 /* HuffmanSTL */ = {isa = PBXFileReference; explicitFileType = "compiled.mach-o.executable"; includeInIndex = 0; path = HuffmanSTL; sourceTree = BUILT_PRODUCTS_DIR; };
		F959A518253D954E005027F8 /* main.cpp */ = {isa = PBXFileReference; lastKnownFileType = sourcecode.cpp.cpp; path = main.cpp; sourceTree = "<group>"; };
		F9EE2E74255D5A4200C6B487 /* Coding.cpp */ = {isa = PBXFileReference; lastKnownFileType = sourcecode.cpp.cpp; path = Coding.cpp; sourceTree = "<group>"; };
		F9EE2E77255D5A7A00C6B487 /* Reference_book.cpp */ = {isa = PBXFileReference; lastKnownFileType = sourcecode.cpp.cpp; path = Reference_book.cpp; sourceTree = "<group>"; };
/* End PBXFileReference section */

/* Begin PBXFrameworksBuildPhase section */
		F959A512253D954E005027F8 /* Frameworks */ = {
			isa = PBXFrameworksBuildPhase;
			buildActionMask = 2147483647;
			files = (
			);
			runOnlyForDeploymentPostprocessing = 0;
		};
/* End PBXFrameworksBuildPhase section */

/* Begin PBXGroup section */
		F959A50C253D954E005027F8 = {
			isa = PBXGroup;
			children = (
				F959A517253D954E005027F8 /* HuffmanSTL */,
				F959A516253D954E005027F8 /* Products */,
			);
			sourceTree = "<group>";
		};
		F959A516253D954E005027F8 /* Products */ = {
			isa = PBXGroup;
			children = (
				F959A515253D954E005027F8 /* HuffmanSTL */,
			);
			name = Products;
			sourceTree = "<group>";
		};
		F959A517253D954E005027F8 /* HuffmanSTL */ = {
			isa = PBXGroup;
			children = (
				F959A518253D954E005027F8 /* main.cpp */,
				F9036C8D25A4FDA900C12361 /* Files_decoding.h */,
				F9036C8B25A4FD8000C12361 /* Files_reference_book.h */,
				F9036C8C25A4FD9800C12361 /* Files_coding.h */,
				F9EE2E77255D5A7A00C6B487 /* Reference_book.cpp */,
				F9036C8825A4FD3100C12361 /* Reference_book.h */,
				F9EE2E74255D5A4200C6B487 /* Coding.cpp */,
				F9036C8725A4FD1400C12361 /* Coding.h */,
				F921A63525695F1A008AAEA4 /* Decoding.cpp */,
				F9274FE625869E8400FBB964 /* Arguments.cpp */,
				F9036C8A25A4FD6100C12361 /* Arguments.h */,
			);
			path = HuffmanSTL;
			sourceTree = "<group>";
		};
/* End PBXGroup section */

/* Begin PBXNativeTarget section */
		F959A514253D954E005027F8 /* HuffmanSTL */ = {
			isa = PBXNativeTarget;
			buildConfigurationList = F959A51C253D954E005027F8 /* Build configuration list for PBXNativeTarget "HuffmanSTL" */;
			buildPhases = (
				F959A511253D954E005027F8 /* Sources */,
				F959A512253D954E005027F8 /* Frameworks */,
				F959A513253D954E005027F8 /* CopyFiles */,
			);
			buildRules = (
			);
			dependencies = (
			);
			name = HuffmanSTL;
			productName = HuffmanSTL;
			productReference = F959A515253D954E005027F8 /* HuffmanSTL */;
			productType = "com.apple.product-type.tool";
		};
/* End PBXNativeTarget section */

/* Begin PBXProject section */
		F959A50D253D954E005027F8 /* Project object */ = {
			isa = PBXProject;
			attributes = {
				LastUpgradeCheck = 1210;
				TargetAttributes = {
					F959A514253D954E005027F8 = {
						CreatedOnToolsVersion = 12.0.1;
					};
				};
			};
			buildConfigurationList = F959A510253D954E005027F8 /* Build configuration list for PBXProject "HuffmanSTL" */;
			compatibilityVersion = "Xcode 9.3";
			developmentRegion = en;
			hasScannedForEncodings = 0;
			knownRegions = (
				en,
				Base,
			);
			mainGroup = F959A50C253D954E005027F8;
			productRefGroup = F959A516253D954E005027F8 /* Products */;
			projectDirPath = "";
			projectRoot = "";
			targets = (
				F959A514253D954E005027F8 /* HuffmanSTL */,
			);
		};
/* End PBXProject section */

/* Begin PBXSourcesBuildPhase section */
		F959A511253D954E005027F8 /* Sources */ = {
			isa = PBXSourcesBuildPhase;
			buildActionMask = 2147483647;
			files = (
				F9EE2E78255D5A7A00C6B487 /* Reference_book.cpp in Sources */,
				F959A519253D954E005027F8 /* main.cpp in Sources */,
				F921A63625695F1A008AAEA4 /* Decoding.cpp in Sources */,
				F9274FE725869E8400FBB964 /* Arguments.cpp in Sources */,
				F9EE2E75255D5A4200C6B487 /* Coding.cpp in Sources */,
			);
			runOnlyForDeploymentPostprocessing = 0;
		};
/* End PBXSourcesBuildPhase section */

/* Begin XCBuildConfiguration section */
		F959A51A253D954E005027F8 /* Debug */ = {
			isa = XCBuildConfiguration;
			buildSettings = {
				ALWAYS_SEARCH_USER_PATHS = NO;
				CLANG_ANALYZER_NONNULL = YES;
				CLANG_ANALYZER_NUMBER_OBJECT_CONVERSION = YES_AGGRESSIVE;
				CLANG_CXX_LANGUAGE_STANDARD = "gnu++14";
				CLANG_CXX_LIBRARY = "libc++";
				CLANG_ENABLE_MODULES = YES;
				CLANG_ENABLE_OBJC_ARC = YES;
				CLANG_ENABLE_OBJC_WEAK = YES;
				CLANG_WARN_BLOCK_CAPTURE_AUTORELEASING = YES;
				CLANG_WARN_BOOL_CONVERSION = YES;
				CLANG_WARN_COMMA = YES;
				CLANG_WARN_CONSTANT_CONVERSION = YES;
				CLANG_WARN_DEPRECATED_OBJC_IMPLEMENTATIONS = YES;
				CLANG_WARN_DIRECT_OBJC_ISA_USAGE = YES_ERROR;
				CLANG_WARN_DOCUMENTATION_COMMENTS = YES;
				CLANG_WARN_EMPTY_BODY = YES;
				CLANG_WARN_ENUM_CONVERSION = YES;
				CLANG_WARN_INFINITE_RECURSION = YES;
				CLANG_WARN_INT_CONVERSION = YES;
				CLANG_WARN_NON_LITERAL_NULL_CONVERSION = YES;
				CLANG_WARN_OBJC_IMPLICIT_RETAIN_SELF = YES;
				CLANG_WARN_OBJC_LITERAL_CONVERSION = YES;
				CLANG_WARN_OBJC_ROOT_CLASS = YES_ERROR;
				CLANG_WARN_QUOTED_INCLUDE_IN_FRAMEWORK_HEADER = YES;
				CLANG_WARN_RANGE_LOOP_ANALYSIS = YES;
				CLANG_WARN_STRICT_PROTOTYPES = YES;
				CLANG_WARN_SUSPICIOUS_MOVE = YES;
				CLANG_WARN_UNGUARDED_AVAILABILITY = YES_AGGRESSIVE;
				CLANG_WARN_UNREACHABLE_CODE = YES;
				CLANG_WARN__DUPLICATE_METHOD_MATCH = YES;
				COPY_PHASE_STRIP = NO;
				DEBUG_INFORMATION_FORMAT = dwarf;
				ENABLE_STRICT_OBJC_MSGSEND = YES;
				ENABLE_TESTABILITY = YES;
				GCC_C_LANGUAGE_STANDARD = gnu11;
				GCC_DYNAMIC_NO_PIC = NO;
				GCC_NO_COMMON_BLOCKS = YES;
				GCC_OPTIMIZATION_LEVEL = 0;
				GCC_PREPROCESSOR_DEFINITIONS = (
					"DEBUG=1",
					"$(inherited)",
				);
				GCC_WARN_64_TO_32_BIT_CONVERSION = YES;
				GCC_WARN_ABOUT_RETURN_TYPE = YES_ERROR;
				GCC_WARN_UNDECLARED_SELECTOR = YES;
				GCC_WARN_UNINITIALIZED_AUTOS = YES_AGGRESSIVE;
				GCC_WARN_UNUSED_FUNCTION = YES;
				GCC_WARN_UNUSED_VARIABLE = YES;
				MACOSX_DEPLOYMENT_TARGET = 10.15;
				MTL_ENABLE_DEBUG_INFO = INCLUDE_SOURCE;
				MTL_FAST_MATH = YES;
				ONLY_ACTIVE_ARCH = YES;
				SDKROOT = macosx;
			};
			name = Debug;
		};
		F959A51B253D954E005027F8 /* Release */ = {
			isa = XCBuildConfiguration;
			buildSettings = {
				ALWAYS_SEARCH_USER_PATHS = NO;
				CLANG_ANALYZER_NONNULL = YES;
				CLANG_ANALYZER_NUMBER_OBJECT_CONVERSION = YES_AGGRESSIVE;
				CLANG_CXX_LANGUAGE_STANDARD = "gnu++14";
				CLANG_CXX_LIBRARY = "libc++";
				CLANG_ENABLE_MODULES = YES;
				CLANG_ENABLE_OBJC_ARC = YES;
				CLANG_ENABLE_OBJC_WEAK = YES;
				CLANG_WARN_BLOCK_CAPTURE_AUTORELEASING = YES;
				CLANG_WARN_BOOL_CONVERSION = YES;
				CLANG_WARN_COMMA = YES;
				CLANG_WARN_CONSTANT_CONVERSION = YES;
				CLANG_WARN_DEPRECATED_OBJC_IMPLEMENTATIONS = YES;
				CLANG_WARN_DIRECT_OBJC_ISA_USAGE = YES_ERROR;
				CLANG_WARN_DOCUMENTATION_COMMENTS = YES;
				CLANG_WARN_EMPTY_BODY = YES;
				CLANG_WARN_ENUM_CONVERSION = YES;
				CLANG_WARN_INFINITE_RECURSION = YES;
				CLANG_WARN_INT_CONVERSION = YES;
				CLANG_WARN_NON_LITERAL_NULL_CONVERSION = YES;
				CLANG_WARN_OBJC_IMPLICIT_RETAIN_SELF = YES;
				CLANG_WARN_OBJC_LITERAL_CONVERSION = YES;
				CLANG_WARN_OBJC_ROOT_CLASS = YES_ERROR;
				CLANG_WARN_QUOTED_INCLUDE_IN_FRAMEWORK_HEADER = YES;
				CLANG_WARN_RANGE_LOOP_ANALYSIS = YES;
				CLANG_WARN_STRICT_PROTOTYPES = YES;
				CLANG_WARN_SUSPICIOUS_MOVE = YES;
				CLANG_WARN_UNGUARDED_AVAILABILITY = YES_AGGRESSIVE;
				CLANG_WARN_UNREACHABLE_CODE = YES;
				CLANG_WARN__DUPLICATE_METHOD_MATCH = YES;
				COPY_PHASE_STRIP = NO;
				DEBUG_INFORMATION_FORMAT = "dwarf-with-dsym";
				ENABLE_NS_ASSERTIONS = NO;
				ENABLE_STRICT_OBJC_MSGSEND = YES;
				GCC_C_LANGUAGE_STANDARD = gnu11;
				GCC_NO_COMMON_BLOCKS = YES;
				GCC_WARN_64_TO_32_BIT_CONVERSION = YES;
				GCC_WARN_ABOUT_RETURN_TYPE = YES_ERROR;
				GCC_WARN_UNDECLARED_SELECTOR = YES;
				GCC_WARN_UNINITIALIZED_AUTOS = YES_AGGRESSIVE;
				GCC_WARN_UNUSED_FUNCTION = YES;
				GCC_WARN_UNUSED_VARIABLE = YES;
				MACOSX_DEPLOYMENT_TARGET = 10.15;
				MTL_ENABLE_DEBUG_INFO = NO;
				MTL_FAST_MATH = YES;
				SDKROOT = macosx;
			};
			name = Release;
		};
		F959A51D253D954E005027F8 /* Debug */ = {
			isa = XCBuildConfiguration;
			buildSettings = {
				CODE_SIGN_IDENTITY = "-";
				CODE_SIGN_STYLE = Automatic;
				PRODUCT_NAME = "$(TARGET_NAME)";
			};
			name = Debug;
		};
		F959A51E253D954E005027F8 /* Release */ = {
			isa = XCBuildConfiguration;
			buildSettings = {
				CODE_SIGN_IDENTITY = "-";
				CODE_SIGN_STYLE = Automatic;
				PRODUCT_NAME = "$(TARGET_NAME)";
			};
			name = Release;
		};
/* End XCBuildConfiguration section */

/* Begin XCConfigurationList section */
		F959A510253D954E005027F8 /* Build configuration list for PBXProject "HuffmanSTL" */ = {
			isa = XCConfigurationList;
			buildConfigurations = (
				F959A51A253D954E005027F8 /* Debug */,
				F959A51B253D954E005027F8 /* Release */,
			);
			defaultConfigurationIsVisible = 0;
			defaultConfigurationName = Release;
		};
		F959A51C253D954E005027F8 /* Build configuration list for PBXNativeTarget "HuffmanSTL" */ = {
			isa = XCConfigurationList;
			buildConfigurations = (
				F959A51D253D954E005027F8 /* Debug */,
				F959A51E253D954E005027F8 /* Release */,
			);
			defaultConfigurationIsVisible = 0;
			defaultConfigurationName = Release;
		};
/* End XCConfigurationList section */
	};
	rootObject = F959A50D253D954E005027F8 /* Project object */;
}
